
Microsoft Visual Studio Solution File, Format Version 12.00
# Visual Studio Version 17
VisualStudioVersion = 17.10.34818.151
MinimumVisualStudioVersion = 10.0.40219.1
Project("{9A19103F-16F7-4668-BE54-9A1E7A4F7556}") = "SharpCifs.SMBv1", "SharpCifs.SMBv1\SharpCifs.SMBv1.csproj", "{421E1E73-B9FE-4578-9B8B-01D860164EBC}"
EndProject
Project("{9A19103F-16F7-4668-BE54-9A1E7A4F7556}") = "SharpCifs.SMBv1.Sample", "SharpCifs.SMBv1.Sample\SharpCifs.SMBv1.Sample.csproj", "{F2D995C6-591C-4131-B14A-DEE58DCFF141}"
EndProject
Project("{9A19103F-16F7-4668-BE54-9A1E7A4F7556}") = "SharpCifs.SMBv1.Test", "SharpCifs.SMBv1.Test\SharpCifs.SMBv1.Test.csproj", "{88728FE2-4731-4B09-BD58-72B7F17FCF78}"
EndProject
Project("{2150E333-8FDC-42A3-9474-1A3956D46DE8}") = "Projektmappenelemente", "Projektmappenelemente", "{11E0BCAC-78B7-41AF-AB3E-39504E965EB0}"
	ProjectSection(SolutionItems) = preProject
		Directory.Build.props = Directory.Build.props
		README.md = README.md
		version.json = version.json
	EndProjectSection
EndProject
Project("{2150E333-8FDC-42A3-9474-1A3956D46DE8}") = "workflows", "workflows", "{273863BA-2C11-489A-B893-61C11D3C7F6F}"
	ProjectSection(SolutionItems) = preProject
		.github\workflows\publish.yml = .github\workflows\publish.yml
	EndProjectSection
EndProject
Global
	GlobalSection(SolutionConfigurationPlatforms) = preSolution
		Debug|Any CPU = Debug|Any CPU
		Release|Any CPU = Release|Any CPU
	EndGlobalSection
	GlobalSection(ProjectConfigurationPlatforms) = postSolution
		{421E1E73-B9FE-4578-9B8B-01D860164EBC}.Debug|Any CPU.ActiveCfg = Debug|Any CPU
		{421E1E73-B9FE-4578-9B8B-01D860164EBC}.Debug|Any CPU.Build.0 = Debug|Any CPU
		{421E1E73-B9FE-4578-9B8B-01D860164EBC}.Release|Any CPU.ActiveCfg = Release|Any CPU
		{421E1E73-B9FE-4578-9B8B-01D860164EBC}.Release|Any CPU.Build.0 = Release|Any CPU
		{F2D995C6-591C-4131-B14A-DEE58DCFF141}.Debug|Any CPU.ActiveCfg = Debug|Any CPU
		{F2D995C6-591C-4131-B14A-DEE58DCFF141}.Debug|Any CPU.Build.0 = Debug|Any CPU
		{F2D995C6-591C-4131-B14A-DEE58DCFF141}.Release|Any CPU.ActiveCfg = Release|Any CPU
		{F2D995C6-591C-4131-B14A-DEE58DCFF141}.Release|Any CPU.Build.0 = Release|Any CPU
		{88728FE2-4731-4B09-BD58-72B7F17FCF78}.Debug|Any CPU.ActiveCfg = Debug|Any CPU
		{88728FE2-4731-4B09-BD58-72B7F17FCF78}.Debug|Any CPU.Build.0 = Debug|Any CPU
		{88728FE2-4731-4B09-BD58-72B7F17FCF78}.Release|Any CPU.ActiveCfg = Release|Any CPU
		{88728FE2-4731-4B09-BD58-72B7F17FCF78}.Release|Any CPU.Build.0 = Release|Any CPU
	EndGlobalSection
	GlobalSection(SolutionProperties) = preSolution
		HideSolutionNode = FALSE
	EndGlobalSection
	GlobalSection(NestedProjects) = preSolution
		{273863BA-2C11-489A-B893-61C11D3C7F6F} = {11E0BCAC-78B7-41AF-AB3E-39504E965EB0}
	EndGlobalSection
	GlobalSection(ExtensibilityGlobals) = postSolution
		SolutionGuid = {05912A0D-9B78-4563-8C18-C96516392F3F}
	EndGlobalSection
EndGlobal
